{
  "nodes": {
    "agenix": {
      "inputs": {
        "darwin": "darwin",
        "home-manager": "home-manager",
        "nixpkgs": [
          "nixpkgs"
        ]
      },
      "locked": {
        "lastModified": 1694793763,
        "narHash": "sha256-y6gTE1C9mIoSkymRYyzCmv62PFgy+hbZ5j8fuiQK5KI=",
        "owner": "ryantm",
        "repo": "agenix",
        "rev": "572baca9b0c592f71982fca0790db4ce311e3c75",
        "type": "github"
      },
      "original": {
        "owner": "ryantm",
        "repo": "agenix",
        "type": "github"
      }
    },
    "darwin": {
      "inputs": {
        "nixpkgs": [
          "agenix",
          "nixpkgs"
        ]
      },
      "locked": {
        "lastModified": 1673295039,
        "narHash": "sha256-AsdYgE8/GPwcelGgrntlijMg4t3hLFJFCRF3tL5WVjA=",
        "owner": "lnl7",
        "repo": "nix-darwin",
        "rev": "87b9d090ad39b25b2400029c64825fc2a8868943",
        "type": "github"
      },
      "original": {
        "owner": "lnl7",
        "ref": "master",
        "repo": "nix-darwin",
        "type": "github"
      }
    },
    "di-tui": {
      "inputs": {
        "nixpkgs": [
          "nixpkgs"
        ]
      },
      "locked": {
        "lastModified": 1694764642,
        "narHash": "sha256-oSbMwTcLpedw32VBbbprfaP5smll1xbzPQTUvTFVHdo=",
        "owner": "acaloiaro",
        "repo": "di-tui",
        "rev": "12ae555a00205926da7cb5216d7f070e57b7508e",
        "type": "github"
      },
      "original": {
        "owner": "acaloiaro",
        "repo": "di-tui",
        "type": "github"
      }
    },
    "ess": {
      "inputs": {
        "nixpkgs": [
          "nixpkgs"
        ]
      },
      "locked": {
        "lastModified": 1695739638,
        "narHash": "sha256-WnCgZKVcJq3jlAVeM8CUN52qUX6iMKMv74Ut0T91FC4=",
        "owner": "acaloiaro",
        "repo": "ess",
        "rev": "e46d3e4803cd6dbe2354d6fafa14624cd6de35d9",
        "type": "github"
      },
      "original": {
        "owner": "acaloiaro",
        "repo": "ess",
        "type": "github"
      }
    },
    "flake-utils": {
      "locked": {
        "lastModified": 1656928814,
        "narHash": "sha256-RIFfgBuKz6Hp89yRr7+NR5tzIAbn52h8vT6vXkYjZoM=",
        "owner": "numtide",
        "repo": "flake-utils",
        "rev": "7e2a3b3dfd9af950a856d66b0a7d01e3c18aa249",
        "type": "github"
      },
      "original": {
        "owner": "numtide",
        "repo": "flake-utils",
        "type": "github"
      }
    },
    "home-manager": {
      "inputs": {
        "nixpkgs": [
          "agenix",
          "nixpkgs"
        ]
      },
      "locked": {
        "lastModified": 1682203081,
        "narHash": "sha256-kRL4ejWDhi0zph/FpebFYhzqlOBrk0Pl3dzGEKSAlEw=",
        "owner": "nix-community",
        "repo": "home-manager",
        "rev": "32d3e39c491e2f91152c84f8ad8b003420eab0a1",
        "type": "github"
      },
      "original": {
        "owner": "nix-community",
        "repo": "home-manager",
        "type": "github"
      }
    },
    "home-manager_2": {
      "inputs": {
        "nixpkgs": [
          "nixpkgs"
        ]
      },
      "locked": {
        "lastModified": 1695074256,
        "narHash": "sha256-aqaq+mp0YdLzhyHlgI3GNno7XwK5P82uLCFTCIgYjMc=",
        "owner": "nix-community",
        "repo": "home-manager",
        "rev": "feb70061596134d403e14cc5ef7b01ab114d1dbd",
        "type": "github"
      },
      "original": {
        "owner": "nix-community",
        "ref": "master",
        "repo": "home-manager",
        "type": "github"
      }
    },
    "homeage": {
      "inputs": {
        "nixpkgs": [
          "nixpkgs"
        ]
      },
      "locked": {
        "lastModified": 1669234151,
        "narHash": "sha256-TwT87E3m2TZLgwYJESlype14HxUOrRGojPM5C2akrMg=",
        "owner": "jordanisaacs",
        "repo": "homeage",
        "rev": "02bfe4ca06962d222e522fff0240c93946b20278",
        "type": "github"
      },
      "original": {
        "owner": "jordanisaacs",
        "repo": "homeage",
        "type": "github"
      }
    },
    "kitty-grab": {
      "flake": false,
      "locked": {
        "lastModified": 1677934962,
        "narHash": "sha256-k36WSbYw6Kfuy6iaD3QN6dFegR3MwQp0hSHJjidStIc=",
        "owner": "yurikhan",
        "repo": "kitty_grab",
        "rev": "8e550df645333b81400ac2cbeb3131412dd2fda5",
        "type": "github"
      },
      "original": {
        "owner": "yurikhan",
        "repo": "kitty_grab",
        "type": "github"
      }
    },
    "language-servers": {
      "inputs": {
        "flake-utils": "flake-utils",
        "nixpkgs": [
          "nixpkgs"
        ]
      },
      "locked": {
        "lastModified": 1673891911,
        "narHash": "sha256-ayBHJQpJItWrUsTy/uFDFRkDuaGTkGn4Y7Xka35rFY0=",
        "ref": "refs/heads/master",
        "rev": "be9c9b24c0fce29baaaf6b0f5cb4dd3cacad83ad",
        "revCount": 9,
        "type": "git",
        "url": "https://git.sr.ht/~bwolf/language-servers.nix"
      },
      "original": {
        "type": "git",
        "url": "https://git.sr.ht/~bwolf/language-servers.nix"
      }
    },
    "nixpkgs": {
      "locked": {
        "lastModified": 1694767346,
        "narHash": "sha256-5uH27SiVFUwsTsqC5rs3kS7pBoNhtoy9QfTP9BmknGk=",
        "owner": "nixos",
        "repo": "nixpkgs",
        "rev": "ace5093e36ab1e95cb9463863491bee90d5a4183",
        "type": "github"
      },
      "original": {
        "owner": "nixos",
        "ref": "nixos-unstable",
        "repo": "nixpkgs",
        "type": "github"
      }
    },
    "nur": {
      "locked": {
        "lastModified": 1695048039,
        "narHash": "sha256-zbJJylG0nrr6bP4+UXK10m2h9Kae5OUeYntU6rli02o=",
        "owner": "nix-community",
        "repo": "NUR",
        "rev": "e57ad2a4d59c577780da709180c36304a1d8106c",
        "type": "github"
      },
      "original": {
        "owner": "nix-community",
        "repo": "NUR",
        "type": "github"
      }
    },
    "root": {
      "inputs": {
        "agenix": "agenix",
        "di-tui": "di-tui",
        "ess": "ess",
        "home-manager": "home-manager_2",
        "homeage": "homeage",
        "kitty-grab": "kitty-grab",
        "language-servers": "language-servers",
        "nixpkgs": "nixpkgs",
        "nur": "nur"
      }
    }
  },
  "root": "root",
  "version": 7
}
