{
  "nodes": {
    "agenix": {
      "inputs": {
        "darwin": "darwin",
        "home-manager": "home-manager",
        "nixpkgs": [
          "nixpkgs"
        ]
      },
      "locked": {
        "lastModified": 1696775529,
        "narHash": "sha256-TYlE4B0ktPtlJJF9IFxTWrEeq+XKG8Ny0gc2FGEAdj0=",
        "owner": "ryantm",
        "repo": "agenix",
        "rev": "daf42cb35b2dc614d1551e37f96406e4c4a2d3e4",
        "type": "github"
      },
      "original": {
        "owner": "ryantm",
        "repo": "agenix",
        "type": "github"
      }
    },
    "darwin": {
      "inputs": {
        "nixpkgs": [
          "agenix",
          "nixpkgs"
        ]
      },
      "locked": {
        "lastModified": 1673295039,
        "narHash": "sha256-AsdYgE8/GPwcelGgrntlijMg4t3hLFJFCRF3tL5WVjA=",
        "owner": "lnl7",
        "repo": "nix-darwin",
        "rev": "87b9d090ad39b25b2400029c64825fc2a8868943",
        "type": "github"
      },
      "original": {
        "owner": "lnl7",
        "ref": "master",
        "repo": "nix-darwin",
        "type": "github"
      }
    },
    "di-tui": {
      "inputs": {
        "nixpkgs": [
          "nixpkgs"
        ]
      },
      "locked": {
        "lastModified": 1694764642,
        "narHash": "sha256-oSbMwTcLpedw32VBbbprfaP5smll1xbzPQTUvTFVHdo=",
        "owner": "acaloiaro",
        "repo": "di-tui",
        "rev": "12ae555a00205926da7cb5216d7f070e57b7508e",
        "type": "github"
      },
      "original": {
        "owner": "acaloiaro",
        "repo": "di-tui",
        "type": "github"
      }
    },
    "ess": {
      "inputs": {
        "nixpkgs": [
          "nixpkgs"
        ]
      },
      "locked": {
        "lastModified": 1696865967,
        "narHash": "sha256-mRVrD6GEgOy/73zvUzmRV/dBhVWdBQngkYiFz5UjWs0=",
        "owner": "acaloiaro",
        "repo": "ess",
        "rev": "c17b2f62b9ef872e979909804217e7974f72dc49",
        "type": "github"
      },
      "original": {
        "owner": "acaloiaro",
        "repo": "ess",
        "type": "github"
      }
    },
    "flake-utils": {
      "locked": {
        "lastModified": 1656928814,
        "narHash": "sha256-RIFfgBuKz6Hp89yRr7+NR5tzIAbn52h8vT6vXkYjZoM=",
        "owner": "numtide",
        "repo": "flake-utils",
        "rev": "7e2a3b3dfd9af950a856d66b0a7d01e3c18aa249",
        "type": "github"
      },
      "original": {
        "owner": "numtide",
        "repo": "flake-utils",
        "type": "github"
      }
    },
    "home-manager": {
      "inputs": {
        "nixpkgs": [
          "agenix",
          "nixpkgs"
        ]
      },
      "locked": {
        "lastModified": 1682203081,
        "narHash": "sha256-kRL4ejWDhi0zph/FpebFYhzqlOBrk0Pl3dzGEKSAlEw=",
        "owner": "nix-community",
        "repo": "home-manager",
        "rev": "32d3e39c491e2f91152c84f8ad8b003420eab0a1",
        "type": "github"
      },
      "original": {
        "owner": "nix-community",
        "repo": "home-manager",
        "type": "github"
      }
    },
    "home-manager-roampi": {
      "inputs": {
        "nixpkgs": [
          "nixpkgs-roampi"
        ]
      },
      "locked": {
        "lastModified": 1682203081,
        "narHash": "sha256-kRL4ejWDhi0zph/FpebFYhzqlOBrk0Pl3dzGEKSAlEw=",
        "owner": "nix-community",
        "repo": "home-manager",
        "rev": "32d3e39c491e2f91152c84f8ad8b003420eab0a1",
        "type": "github"
      },
      "original": {
        "owner": "nix-community",
        "repo": "home-manager",
        "rev": "32d3e39c491e2f91152c84f8ad8b003420eab0a1",
        "type": "github"
      }
    },
    "home-manager_2": {
      "inputs": {
        "nixpkgs": [
          "nixpkgs"
        ]
      },
      "locked": {
        "lastModified": 1696940889,
        "narHash": "sha256-p2Wic74A1tZpFcld1wSEbFQQbrZ/tPDuLieCnspamQo=",
        "owner": "nix-community",
        "repo": "home-manager",
        "rev": "6bba64781e4b7c1f91a733583defbd3e46b49408",
        "type": "github"
      },
      "original": {
        "owner": "nix-community",
        "ref": "master",
        "repo": "home-manager",
        "type": "github"
      }
    },
    "homeage": {
      "inputs": {
        "nixpkgs": [
          "nixpkgs"
        ]
      },
      "locked": {
        "lastModified": 1669234151,
        "narHash": "sha256-TwT87E3m2TZLgwYJESlype14HxUOrRGojPM5C2akrMg=",
        "owner": "jordanisaacs",
        "repo": "homeage",
        "rev": "02bfe4ca06962d222e522fff0240c93946b20278",
        "type": "github"
      },
      "original": {
        "owner": "jordanisaacs",
        "repo": "homeage",
        "type": "github"
      }
    },
    "kitty-grab": {
      "flake": false,
      "locked": {
        "lastModified": 1677934962,
        "narHash": "sha256-k36WSbYw6Kfuy6iaD3QN6dFegR3MwQp0hSHJjidStIc=",
        "owner": "yurikhan",
        "repo": "kitty_grab",
        "rev": "8e550df645333b81400ac2cbeb3131412dd2fda5",
        "type": "github"
      },
      "original": {
        "owner": "yurikhan",
        "repo": "kitty_grab",
        "type": "github"
      }
    },
    "language-servers": {
      "inputs": {
        "flake-utils": "flake-utils",
        "nixpkgs": [
          "nixpkgs"
        ]
      },
      "locked": {
        "lastModified": 1673891911,
        "narHash": "sha256-ayBHJQpJItWrUsTy/uFDFRkDuaGTkGn4Y7Xka35rFY0=",
        "ref": "refs/heads/master",
        "rev": "be9c9b24c0fce29baaaf6b0f5cb4dd3cacad83ad",
        "revCount": 9,
        "type": "git",
        "url": "https://git.sr.ht/~bwolf/language-servers.nix"
      },
      "original": {
        "type": "git",
        "url": "https://git.sr.ht/~bwolf/language-servers.nix"
      }
    },
    "nixos-hardware": {
      "locked": {
        "lastModified": 1681679909,
        "narHash": "sha256-p4LR9MYP1Khn/2WJX7ElPTSN+Ce4N/0FYZsvH5VChgI=",
        "owner": "nixos",
        "repo": "nixos-hardware",
        "rev": "34f96de8c9ad390d8717e3ca6260afd5f500de04",
        "type": "github"
      },
      "original": {
        "owner": "nixos",
        "repo": "nixos-hardware",
        "rev": "34f96de8c9ad390d8717e3ca6260afd5f500de04",
        "type": "github"
      }
    },
    "nixpkgs": {
      "locked": {
        "lastModified": 1696604326,
        "narHash": "sha256-YXUNI0kLEcI5g8lqGMb0nh67fY9f2YoJsILafh6zlMo=",
        "owner": "nixos",
        "repo": "nixpkgs",
        "rev": "87828a0e03d1418e848d3dd3f3014a632e4a4f64",
        "type": "github"
      },
      "original": {
        "owner": "nixos",
        "ref": "nixos-unstable",
        "repo": "nixpkgs",
        "type": "github"
      }
    },
    "nixpkgs-roampi": {
      "locked": {
        "lastModified": 1683222161,
        "narHash": "sha256-yp1o+2qSZueDdlBTvup2w+4pnSxwKq+qh1+3eLRz/Zk=",
        "owner": "nixos",
        "repo": "nixpkgs",
        "rev": "29339c1529b2c3d650d9cf529d7318ed997c149f",
        "type": "github"
      },
      "original": {
        "owner": "nixos",
        "repo": "nixpkgs",
        "rev": "29339c1529b2c3d650d9cf529d7318ed997c149f",
        "type": "github"
      }
    },
    "nur": {
      "locked": {
        "lastModified": 1696947088,
        "narHash": "sha256-Ukl6GRfOVvJw/ourtBnqO69/lWESN8uoPM8h8quwVyk=",
        "owner": "nix-community",
        "repo": "NUR",
        "rev": "b78fc719a77eafb78ee851da2d59f3580a76d88d",
        "type": "github"
      },
      "original": {
        "owner": "nix-community",
        "repo": "NUR",
        "type": "github"
      }
    },
    "root": {
      "inputs": {
        "agenix": "agenix",
        "di-tui": "di-tui",
        "ess": "ess",
        "home-manager": "home-manager_2",
        "home-manager-roampi": "home-manager-roampi",
        "homeage": "homeage",
        "kitty-grab": "kitty-grab",
        "language-servers": "language-servers",
        "nixos-hardware": "nixos-hardware",
        "nixpkgs": "nixpkgs",
        "nixpkgs-roampi": "nixpkgs-roampi",
        "nur": "nur"
      }
    }
  },
  "root": "root",
  "version": 7
}
